// !$*UTF8*$!
{
	archiveVersion = 1;
	classes = {
	};
	objectVersion = 56;
	objects = {

/* Begin PBXBuildFile section */
		CD8E8EB42BB0BC170078F03F /* WateryApp.swift in Sources */ = {isa = PBXBuildFile; fileRef = CD8E8EB32BB0BC170078F03F /* WateryApp.swift */; };
		CD8E8EB62BB0BC170078F03F /* ContentView.swift in Sources */ = {isa = PBXBuildFile; fileRef = CD8E8EB52BB0BC170078F03F /* ContentView.swift */; };
		CD8E8EB82BB0BC180078F03F /* Assets.xcassets in Resources */ = {isa = PBXBuildFile; fileRef = CD8E8EB72BB0BC180078F03F /* Assets.xcassets */; };
		CD8E8EBC2BB0BC180078F03F /* Preview Assets.xcassets in Resources */ = {isa = PBXBuildFile; fileRef = CD8E8EBB2BB0BC180078F03F /* Preview Assets.xcassets */; };
		CD8E8EC62BB0BC180078F03F /* WateryTests.swift in Sources */ = {isa = PBXBuildFile; fileRef = CD8E8EC52BB0BC180078F03F /* WateryTests.swift */; };
		CD8E8ED02BB0BC180078F03F /* WateryUITests.swift in Sources */ = {isa = PBXBuildFile; fileRef = CD8E8ECF2BB0BC180078F03F /* WateryUITests.swift */; };
		CD8E8ED22BB0BC180078F03F /* WateryUITestsLaunchTests.swift in Sources */ = {isa = PBXBuildFile; fileRef = CD8E8ED12BB0BC180078F03F /* WateryUITestsLaunchTests.swift */; };
		CD8E8EE32BB0BC5D0078F03F /* DashboardView.swift in Sources */ = {isa = PBXBuildFile; fileRef = CD8E8EE22BB0BC5D0078F03F /* DashboardView.swift */; };
		CD8E8EE52BB0E6490078F03F /* DashboardViewModel.swift in Sources */ = {isa = PBXBuildFile; fileRef = CD8E8EE42BB0E6490078F03F /* DashboardViewModel.swift */; };
		CD8E8EE82BB0E6B70078F03F /* PlantCell.swift in Sources */ = {isa = PBXBuildFile; fileRef = CD8E8EE72BB0E6B70078F03F /* PlantCell.swift */; };
		CD8E8EEB2BB0E86A0078F03F /* ThemeManager.swift in Sources */ = {isa = PBXBuildFile; fileRef = CD8E8EEA2BB0E86A0078F03F /* ThemeManager.swift */; };
		CD8E8EED2BB0ED830078F03F /* Plant.swift in Sources */ = {isa = PBXBuildFile; fileRef = CD8E8EEC2BB0ED830078F03F /* Plant.swift */; };
		CD8E8EEF2BB0EFB40078F03F /* AddAPlantView.swift in Sources */ = {isa = PBXBuildFile; fileRef = CD8E8EEE2BB0EFB40078F03F /* AddAPlantView.swift */; };
		CD8E8EF22BB0FAFC0078F03F /* View.swift in Sources */ = {isa = PBXBuildFile; fileRef = CD8E8EF12BB0FAFC0078F03F /* View.swift */; };
		CD8E8EF82BB127660078F03F /* SegmentControlView.swift in Sources */ = {isa = PBXBuildFile; fileRef = CD8E8EF72BB127660078F03F /* SegmentControlView.swift */; };
		CD8E8F3D2BB1F2EC0078F03F /* PlantDataSource.swift in Sources */ = {isa = PBXBuildFile; fileRef = CD8E8F3C2BB1F2EC0078F03F /* PlantDataSource.swift */; };
		CD8E8F3F2BB1FDEE0078F03F /* AddAPlantViewModel.swift in Sources */ = {isa = PBXBuildFile; fileRef = CD8E8F3E2BB1FDEE0078F03F /* AddAPlantViewModel.swift */; };
		CD8E8F412BB8B5E10078F03F /* GardenView.swift in Sources */ = {isa = PBXBuildFile; fileRef = CD8E8F402BB8B5E10078F03F /* GardenView.swift */; };
		CD8E8F432BB8B85A0078F03F /* GardenPlantCell.swift in Sources */ = {isa = PBXBuildFile; fileRef = CD8E8F422BB8B85A0078F03F /* GardenPlantCell.swift */; };
		CD8E8F452BB8BB170078F03F /* GardenViewModel.swift in Sources */ = {isa = PBXBuildFile; fileRef = CD8E8F442BB8BB170078F03F /* GardenViewModel.swift */; };
		CD8E8F472BB8BC5A0078F03F /* PlantViewModelProtocol.swift in Sources */ = {isa = PBXBuildFile; fileRef = CD8E8F462BB8BC5A0078F03F /* PlantViewModelProtocol.swift */; };
		CD8E8F492BB8BEC40078F03F /* StaticFunctions.swift in Sources */ = {isa = PBXBuildFile; fileRef = CD8E8F482BB8BEC40078F03F /* StaticFunctions.swift */; };
/* End PBXBuildFile section */

/* Begin PBXContainerItemProxy section */
		CD8E8EC22BB0BC180078F03F /* PBXContainerItemProxy */ = {
			isa = PBXContainerItemProxy;
			containerPortal = CD8E8EA82BB0BC170078F03F /* Project object */;
			proxyType = 1;
			remoteGlobalIDString = CD8E8EAF2BB0BC170078F03F;
			remoteInfo = Watery;
		};
		CD8E8ECC2BB0BC180078F03F /* PBXContainerItemProxy */ = {
			isa = PBXContainerItemProxy;
			containerPortal = CD8E8EA82BB0BC170078F03F /* Project object */;
			proxyType = 1;
			remoteGlobalIDString = CD8E8EAF2BB0BC170078F03F;
			remoteInfo = Watery;
		};
/* End PBXContainerItemProxy section */

/* Begin PBXFileReference section */
		CD8E8EB02BB0BC170078F03F /* Watery.app */ = {isa = PBXFileReference; explicitFileType = wrapper.application; includeInIndex = 0; path = Watery.app; sourceTree = BUILT_PRODUCTS_DIR; };
		CD8E8EB32BB0BC170078F03F /* WateryApp.swift */ = {isa = PBXFileReference; lastKnownFileType = sourcecode.swift; path = WateryApp.swift; sourceTree = "<group>"; };
		CD8E8EB52BB0BC170078F03F /* ContentView.swift */ = {isa = PBXFileReference; lastKnownFileType = sourcecode.swift; path = ContentView.swift; sourceTree = "<group>"; };
		CD8E8EB72BB0BC180078F03F /* Assets.xcassets */ = {isa = PBXFileReference; lastKnownFileType = folder.assetcatalog; path = Assets.xcassets; sourceTree = "<group>"; };
		CD8E8EB92BB0BC180078F03F /* Watery.entitlements */ = {isa = PBXFileReference; lastKnownFileType = text.plist.entitlements; path = Watery.entitlements; sourceTree = "<group>"; };
		CD8E8EBB2BB0BC180078F03F /* Preview Assets.xcassets */ = {isa = PBXFileReference; lastKnownFileType = folder.assetcatalog; path = "Preview Assets.xcassets"; sourceTree = "<group>"; };
		CD8E8EC12BB0BC180078F03F /* WateryTests.xctest */ = {isa = PBXFileReference; explicitFileType = wrapper.cfbundle; includeInIndex = 0; path = WateryTests.xctest; sourceTree = BUILT_PRODUCTS_DIR; };
		CD8E8EC52BB0BC180078F03F /* WateryTests.swift */ = {isa = PBXFileReference; lastKnownFileType = sourcecode.swift; path = WateryTests.swift; sourceTree = "<group>"; };
		CD8E8ECB2BB0BC180078F03F /* WateryUITests.xctest */ = {isa = PBXFileReference; explicitFileType = wrapper.cfbundle; includeInIndex = 0; path = WateryUITests.xctest; sourceTree = BUILT_PRODUCTS_DIR; };
		CD8E8ECF2BB0BC180078F03F /* WateryUITests.swift */ = {isa = PBXFileReference; lastKnownFileType = sourcecode.swift; path = WateryUITests.swift; sourceTree = "<group>"; };
		CD8E8ED12BB0BC180078F03F /* WateryUITestsLaunchTests.swift */ = {isa = PBXFileReference; lastKnownFileType = sourcecode.swift; path = WateryUITestsLaunchTests.swift; sourceTree = "<group>"; };
		CD8E8EE22BB0BC5D0078F03F /* DashboardView.swift */ = {isa = PBXFileReference; lastKnownFileType = sourcecode.swift; path = DashboardView.swift; sourceTree = "<group>"; };
		CD8E8EE42BB0E6490078F03F /* DashboardViewModel.swift */ = {isa = PBXFileReference; lastKnownFileType = sourcecode.swift; path = DashboardViewModel.swift; sourceTree = "<group>"; };
		CD8E8EE72BB0E6B70078F03F /* PlantCell.swift */ = {isa = PBXFileReference; lastKnownFileType = sourcecode.swift; path = PlantCell.swift; sourceTree = "<group>"; };
		CD8E8EEA2BB0E86A0078F03F /* ThemeManager.swift */ = {isa = PBXFileReference; lastKnownFileType = sourcecode.swift; path = ThemeManager.swift; sourceTree = "<group>"; };
		CD8E8EEC2BB0ED830078F03F /* Plant.swift */ = {isa = PBXFileReference; lastKnownFileType = sourcecode.swift; path = Plant.swift; sourceTree = "<group>"; };
		CD8E8EEE2BB0EFB40078F03F /* AddAPlantView.swift */ = {isa = PBXFileReference; lastKnownFileType = sourcecode.swift; path = AddAPlantView.swift; sourceTree = "<group>"; };
		CD8E8EF12BB0FAFC0078F03F /* View.swift */ = {isa = PBXFileReference; lastKnownFileType = sourcecode.swift; path = View.swift; sourceTree = "<group>"; };
		CD8E8EF72BB127660078F03F /* SegmentControlView.swift */ = {isa = PBXFileReference; lastKnownFileType = sourcecode.swift; path = SegmentControlView.swift; sourceTree = "<group>"; };
		CD8E8F3C2BB1F2EC0078F03F /* PlantDataSource.swift */ = {isa = PBXFileReference; lastKnownFileType = sourcecode.swift; path = PlantDataSource.swift; sourceTree = "<group>"; };
		CD8E8F3E2BB1FDEE0078F03F /* AddAPlantViewModel.swift */ = {isa = PBXFileReference; lastKnownFileType = sourcecode.swift; path = AddAPlantViewModel.swift; sourceTree = "<group>"; };
		CD8E8F402BB8B5E10078F03F /* GardenView.swift */ = {isa = PBXFileReference; lastKnownFileType = sourcecode.swift; path = GardenView.swift; sourceTree = "<group>"; };
		CD8E8F422BB8B85A0078F03F /* GardenPlantCell.swift */ = {isa = PBXFileReference; lastKnownFileType = sourcecode.swift; path = GardenPlantCell.swift; sourceTree = "<group>"; };
		CD8E8F442BB8BB170078F03F /* GardenViewModel.swift */ = {isa = PBXFileReference; lastKnownFileType = sourcecode.swift; path = GardenViewModel.swift; sourceTree = "<group>"; };
		CD8E8F462BB8BC5A0078F03F /* PlantViewModelProtocol.swift */ = {isa = PBXFileReference; lastKnownFileType = sourcecode.swift; path = PlantViewModelProtocol.swift; sourceTree = "<group>"; };
		CD8E8F482BB8BEC40078F03F /* StaticFunctions.swift */ = {isa = PBXFileReference; lastKnownFileType = sourcecode.swift; path = StaticFunctions.swift; sourceTree = "<group>"; };
/* End PBXFileReference section */

/* Begin PBXFrameworksBuildPhase section */
		CD8E8EAD2BB0BC170078F03F /* Frameworks */ = {
			isa = PBXFrameworksBuildPhase;
			buildActionMask = 2147483647;
			files = (
			);
			runOnlyForDeploymentPostprocessing = 0;
		};
		CD8E8EBE2BB0BC180078F03F /* Frameworks */ = {
			isa = PBXFrameworksBuildPhase;
			buildActionMask = 2147483647;
			files = (
			);
			runOnlyForDeploymentPostprocessing = 0;
		};
		CD8E8EC82BB0BC180078F03F /* Frameworks */ = {
			isa = PBXFrameworksBuildPhase;
			buildActionMask = 2147483647;
			files = (
			);
			runOnlyForDeploymentPostprocessing = 0;
		};
/* End PBXFrameworksBuildPhase section */

/* Begin PBXGroup section */
		CD8E8EA72BB0BC170078F03F = {
			isa = PBXGroup;
			children = (
				CD8E8EB22BB0BC170078F03F /* Watery */,
				CD8E8EC42BB0BC180078F03F /* WateryTests */,
				CD8E8ECE2BB0BC180078F03F /* WateryUITests */,
				CD8E8EB12BB0BC170078F03F /* Products */,
			);
			sourceTree = "<group>";
		};
		CD8E8EB12BB0BC170078F03F /* Products */ = {
			isa = PBXGroup;
			children = (
				CD8E8EB02BB0BC170078F03F /* Watery.app */,
				CD8E8EC12BB0BC180078F03F /* WateryTests.xctest */,
				CD8E8ECB2BB0BC180078F03F /* WateryUITests.xctest */,
			);
			name = Products;
			sourceTree = "<group>";
		};
		CD8E8EB22BB0BC170078F03F /* Watery */ = {
			isa = PBXGroup;
			children = (
				CD8E8EF02BB0FAEC0078F03F /* Extension */,
				CD8E8EE92BB0E8610078F03F /* Utilities */,
				CD8E8EE12BB0BC410078F03F /* Application */,
				CD8E8EE02BB0BC380078F03F /* Models */,
				CD8E8EDF2BB0BC350078F03F /* ViewModels */,
				CD8E8EDE2BB0BC300078F03F /* Views */,
				CD8E8EB72BB0BC180078F03F /* Assets.xcassets */,
				CD8E8EB92BB0BC180078F03F /* Watery.entitlements */,
				CD8E8EBA2BB0BC180078F03F /* Preview Content */,
			);
			path = Watery;
			sourceTree = "<group>";
		};
		CD8E8EBA2BB0BC180078F03F /* Preview Content */ = {
			isa = PBXGroup;
			children = (
				CD8E8EBB2BB0BC180078F03F /* Preview Assets.xcassets */,
			);
			path = "Preview Content";
			sourceTree = "<group>";
		};
		CD8E8EC42BB0BC180078F03F /* WateryTests */ = {
			isa = PBXGroup;
			children = (
				CD8E8EC52BB0BC180078F03F /* WateryTests.swift */,
			);
			path = WateryTests;
			sourceTree = "<group>";
		};
		CD8E8ECE2BB0BC180078F03F /* WateryUITests */ = {
			isa = PBXGroup;
			children = (
				CD8E8ECF2BB0BC180078F03F /* WateryUITests.swift */,
				CD8E8ED12BB0BC180078F03F /* WateryUITestsLaunchTests.swift */,
			);
			path = WateryUITests;
			sourceTree = "<group>";
		};
		CD8E8EDE2BB0BC300078F03F /* Views */ = {
			isa = PBXGroup;
			children = (
				CD8E8EE62BB0E6A60078F03F /* Components */,
				CD8E8EB52BB0BC170078F03F /* ContentView.swift */,
				CD8E8EE22BB0BC5D0078F03F /* DashboardView.swift */,
				CD8E8EEE2BB0EFB40078F03F /* AddAPlantView.swift */,
				CD8E8F402BB8B5E10078F03F /* GardenView.swift */,
			);
			path = Views;
			sourceTree = "<group>";
		};
		CD8E8EDF2BB0BC350078F03F /* ViewModels */ = {
			isa = PBXGroup;
			children = (
				CD8E8EE42BB0E6490078F03F /* DashboardViewModel.swift */,
				CD8E8F442BB8BB170078F03F /* GardenViewModel.swift */,
				CD8E8F3E2BB1FDEE0078F03F /* AddAPlantViewModel.swift */,
			);
			path = ViewModels;
			sourceTree = "<group>";
		};
		CD8E8EE02BB0BC380078F03F /* Models */ = {
			isa = PBXGroup;
			children = (
				CD8E8EEC2BB0ED830078F03F /* Plant.swift */,
				CD8E8F3C2BB1F2EC0078F03F /* PlantDataSource.swift */,
				CD8E8F462BB8BC5A0078F03F /* PlantViewModelProtocol.swift */,
			);
			path = Models;
			sourceTree = "<group>";
		};
		CD8E8EE12BB0BC410078F03F /* Application */ = {
			isa = PBXGroup;
			children = (
				CD8E8EB32BB0BC170078F03F /* WateryApp.swift */,
			);
			path = Application;
			sourceTree = "<group>";
		};
		CD8E8EE62BB0E6A60078F03F /* Components */ = {
			isa = PBXGroup;
			children = (
				CD8E8EE72BB0E6B70078F03F /* PlantCell.swift */,
				CD8E8EF72BB127660078F03F /* SegmentControlView.swift */,
				CD8E8F422BB8B85A0078F03F /* GardenPlantCell.swift */,
			);
			path = Components;
			sourceTree = "<group>";
		};
		CD8E8EE92BB0E8610078F03F /* Utilities */ = {
			isa = PBXGroup;
			children = (
				CD8E8EEA2BB0E86A0078F03F /* ThemeManager.swift */,
			);
			path = Utilities;
			sourceTree = "<group>";
		};
		CD8E8EF02BB0FAEC0078F03F /* Extension */ = {
			isa = PBXGroup;
			children = (
				CD8E8EF12BB0FAFC0078F03F /* View.swift */,
				CD8E8F482BB8BEC40078F03F /* StaticFunctions.swift */,
			);
			path = Extension;
			sourceTree = "<group>";
		};
/* End PBXGroup section */

/* Begin PBXNativeTarget section */
		CD8E8EAF2BB0BC170078F03F /* Watery */ = {
			isa = PBXNativeTarget;
			buildConfigurationList = CD8E8ED52BB0BC180078F03F /* Build configuration list for PBXNativeTarget "Watery" */;
			buildPhases = (
				CD8E8EAC2BB0BC170078F03F /* Sources */,
				CD8E8EAD2BB0BC170078F03F /* Frameworks */,
				CD8E8EAE2BB0BC170078F03F /* Resources */,
			);
			buildRules = (
			);
			dependencies = (
			);
			name = Watery;
			productName = Watery;
			productReference = CD8E8EB02BB0BC170078F03F /* Watery.app */;
			productType = "com.apple.product-type.application";
		};
		CD8E8EC02BB0BC180078F03F /* WateryTests */ = {
			isa = PBXNativeTarget;
			buildConfigurationList = CD8E8ED82BB0BC180078F03F /* Build configuration list for PBXNativeTarget "WateryTests" */;
			buildPhases = (
				CD8E8EBD2BB0BC180078F03F /* Sources */,
				CD8E8EBE2BB0BC180078F03F /* Frameworks */,
				CD8E8EBF2BB0BC180078F03F /* Resources */,
			);
			buildRules = (
			);
			dependencies = (
				CD8E8EC32BB0BC180078F03F /* PBXTargetDependency */,
			);
			name = WateryTests;
			productName = WateryTests;
			productReference = CD8E8EC12BB0BC180078F03F /* WateryTests.xctest */;
			productType = "com.apple.product-type.bundle.unit-test";
		};
		CD8E8ECA2BB0BC180078F03F /* WateryUITests */ = {
			isa = PBXNativeTarget;
			buildConfigurationList = CD8E8EDB2BB0BC180078F03F /* Build configuration list for PBXNativeTarget "WateryUITests" */;
			buildPhases = (
				CD8E8EC72BB0BC180078F03F /* Sources */,
				CD8E8EC82BB0BC180078F03F /* Frameworks */,
				CD8E8EC92BB0BC180078F03F /* Resources */,
			);
			buildRules = (
			);
			dependencies = (
				CD8E8ECD2BB0BC180078F03F /* PBXTargetDependency */,
			);
			name = WateryUITests;
			productName = WateryUITests;
			productReference = CD8E8ECB2BB0BC180078F03F /* WateryUITests.xctest */;
			productType = "com.apple.product-type.bundle.ui-testing";
		};
/* End PBXNativeTarget section */

/* Begin PBXProject section */
		CD8E8EA82BB0BC170078F03F /* Project object */ = {
			isa = PBXProject;
			attributes = {
				BuildIndependentTargetsInParallel = 1;
				LastSwiftUpdateCheck = 1510;
				LastUpgradeCheck = 1510;
				TargetAttributes = {
					CD8E8EAF2BB0BC170078F03F = {
						CreatedOnToolsVersion = 15.1;
					};
					CD8E8EC02BB0BC180078F03F = {
						CreatedOnToolsVersion = 15.1;
						TestTargetID = CD8E8EAF2BB0BC170078F03F;
					};
					CD8E8ECA2BB0BC180078F03F = {
						CreatedOnToolsVersion = 15.1;
						TestTargetID = CD8E8EAF2BB0BC170078F03F;
					};
				};
			};
			buildConfigurationList = CD8E8EAB2BB0BC170078F03F /* Build configuration list for PBXProject "Watery" */;
			compatibilityVersion = "Xcode 14.0";
			developmentRegion = en;
			hasScannedForEncodings = 0;
			knownRegions = (
				en,
				Base,
			);
			mainGroup = CD8E8EA72BB0BC170078F03F;
			productRefGroup = CD8E8EB12BB0BC170078F03F /* Products */;
			projectDirPath = "";
			projectRoot = "";
			targets = (
				CD8E8EAF2BB0BC170078F03F /* Watery */,
				CD8E8EC02BB0BC180078F03F /* WateryTests */,
				CD8E8ECA2BB0BC180078F03F /* WateryUITests */,
			);
		};
/* End PBXProject section */

/* Begin PBXResourcesBuildPhase section */
		CD8E8EAE2BB0BC170078F03F /* Resources */ = {
			isa = PBXResourcesBuildPhase;
			buildActionMask = 2147483647;
			files = (
				CD8E8EBC2BB0BC180078F03F /* Preview Assets.xcassets in Resources */,
				CD8E8EB82BB0BC180078F03F /* Assets.xcassets in Resources */,
			);
			runOnlyForDeploymentPostprocessing = 0;
		};
		CD8E8EBF2BB0BC180078F03F /* Resources */ = {
			isa = PBXResourcesBuildPhase;
			buildActionMask = 2147483647;
			files = (
			);
			runOnlyForDeploymentPostprocessing = 0;
		};
		CD8E8EC92BB0BC180078F03F /* Resources */ = {
			isa = PBXResourcesBuildPhase;
			buildActionMask = 2147483647;
			files = (
			);
			runOnlyForDeploymentPostprocessing = 0;
		};
/* End PBXResourcesBuildPhase section */

/* Begin PBXSourcesBuildPhase section */
		CD8E8EAC2BB0BC170078F03F /* Sources */ = {
			isa = PBXSourcesBuildPhase;
			buildActionMask = 2147483647;
			files = (
				CD8E8F432BB8B85A0078F03F /* GardenPlantCell.swift in Sources */,
				CD8E8EB62BB0BC170078F03F /* ContentView.swift in Sources */,
				CD8E8EE82BB0E6B70078F03F /* PlantCell.swift in Sources */,
				CD8E8EF82BB127660078F03F /* SegmentControlView.swift in Sources */,
				CD8E8F3D2BB1F2EC0078F03F /* PlantDataSource.swift in Sources */,
				CD8E8F3F2BB1FDEE0078F03F /* AddAPlantViewModel.swift in Sources */,
				CD8E8EEF2BB0EFB40078F03F /* AddAPlantView.swift in Sources */,
				CD8E8EE32BB0BC5D0078F03F /* DashboardView.swift in Sources */,
				CD8E8EB42BB0BC170078F03F /* WateryApp.swift in Sources */,
				CD8E8EF22BB0FAFC0078F03F /* View.swift in Sources */,
				CD8E8F452BB8BB170078F03F /* GardenViewModel.swift in Sources */,
				CD8E8EED2BB0ED830078F03F /* Plant.swift in Sources */,
				CD8E8F492BB8BEC40078F03F /* StaticFunctions.swift in Sources */,
				CD8E8EE52BB0E6490078F03F /* DashboardViewModel.swift in Sources */,
				CD8E8F412BB8B5E10078F03F /* GardenView.swift in Sources */,
				CD8E8F472BB8BC5A0078F03F /* PlantViewModelProtocol.swift in Sources */,
				CD8E8EEB2BB0E86A0078F03F /* ThemeManager.swift in Sources */,
			);
			runOnlyForDeploymentPostprocessing = 0;
		};
		CD8E8EBD2BB0BC180078F03F /* Sources */ = {
			isa = PBXSourcesBuildPhase;
			buildActionMask = 2147483647;
			files = (
				CD8E8EC62BB0BC180078F03F /* WateryTests.swift in Sources */,
			);
			runOnlyForDeploymentPostprocessing = 0;
		};
		CD8E8EC72BB0BC180078F03F /* Sources */ = {
			isa = PBXSourcesBuildPhase;
			buildActionMask = 2147483647;
			files = (
				CD8E8ED22BB0BC180078F03F /* WateryUITestsLaunchTests.swift in Sources */,
				CD8E8ED02BB0BC180078F03F /* WateryUITests.swift in Sources */,
			);
			runOnlyForDeploymentPostprocessing = 0;
		};
/* End PBXSourcesBuildPhase section */

/* Begin PBXTargetDependency section */
		CD8E8EC32BB0BC180078F03F /* PBXTargetDependency */ = {
			isa = PBXTargetDependency;
			target = CD8E8EAF2BB0BC170078F03F /* Watery */;
			targetProxy = CD8E8EC22BB0BC180078F03F /* PBXContainerItemProxy */;
		};
		CD8E8ECD2BB0BC180078F03F /* PBXTargetDependency */ = {
			isa = PBXTargetDependency;
			target = CD8E8EAF2BB0BC170078F03F /* Watery */;
			targetProxy = CD8E8ECC2BB0BC180078F03F /* PBXContainerItemProxy */;
		};
/* End PBXTargetDependency section */

/* Begin XCBuildConfiguration section */
		CD8E8ED32BB0BC180078F03F /* Debug */ = {
			isa = XCBuildConfiguration;
			buildSettings = {
				ALWAYS_SEARCH_USER_PATHS = NO;
				ASSETCATALOG_COMPILER_GENERATE_SWIFT_ASSET_SYMBOL_EXTENSIONS = YES;
				CLANG_ANALYZER_NONNULL = YES;
				CLANG_ANALYZER_NUMBER_OBJECT_CONVERSION = YES_AGGRESSIVE;
				CLANG_CXX_LANGUAGE_STANDARD = "gnu++20";
				CLANG_ENABLE_MODULES = YES;
				CLANG_ENABLE_OBJC_ARC = YES;
				CLANG_ENABLE_OBJC_WEAK = YES;
				CLANG_WARN_BLOCK_CAPTURE_AUTORELEASING = YES;
				CLANG_WARN_BOOL_CONVERSION = YES;
				CLANG_WARN_COMMA = YES;
				CLANG_WARN_CONSTANT_CONVERSION = YES;
				CLANG_WARN_DEPRECATED_OBJC_IMPLEMENTATIONS = YES;
				CLANG_WARN_DIRECT_OBJC_ISA_USAGE = YES_ERROR;
				CLANG_WARN_DOCUMENTATION_COMMENTS = YES;
				CLANG_WARN_EMPTY_BODY = YES;
				CLANG_WARN_ENUM_CONVERSION = YES;
				CLANG_WARN_INFINITE_RECURSION = YES;
				CLANG_WARN_INT_CONVERSION = YES;
				CLANG_WARN_NON_LITERAL_NULL_CONVERSION = YES;
				CLANG_WARN_OBJC_IMPLICIT_RETAIN_SELF = YES;
				CLANG_WARN_OBJC_LITERAL_CONVERSION = YES;
				CLANG_WARN_OBJC_ROOT_CLASS = YES_ERROR;
				CLANG_WARN_QUOTED_INCLUDE_IN_FRAMEWORK_HEADER = YES;
				CLANG_WARN_RANGE_LOOP_ANALYSIS = YES;
				CLANG_WARN_STRICT_PROTOTYPES = YES;
				CLANG_WARN_SUSPICIOUS_MOVE = YES;
				CLANG_WARN_UNGUARDED_AVAILABILITY = YES_AGGRESSIVE;
				CLANG_WARN_UNREACHABLE_CODE = YES;
				CLANG_WARN__DUPLICATE_METHOD_MATCH = YES;
				COPY_PHASE_STRIP = NO;
				DEBUG_INFORMATION_FORMAT = dwarf;
				ENABLE_STRICT_OBJC_MSGSEND = YES;
				ENABLE_TESTABILITY = YES;
				ENABLE_USER_SCRIPT_SANDBOXING = YES;
				GCC_C_LANGUAGE_STANDARD = gnu17;
				GCC_DYNAMIC_NO_PIC = NO;
				GCC_NO_COMMON_BLOCKS = YES;
				GCC_OPTIMIZATION_LEVEL = 0;
				GCC_PREPROCESSOR_DEFINITIONS = (
					"DEBUG=1",
					"$(inherited)",
				);
				GCC_WARN_64_TO_32_BIT_CONVERSION = YES;
				GCC_WARN_ABOUT_RETURN_TYPE = YES_ERROR;
				GCC_WARN_UNDECLARED_SELECTOR = YES;
				GCC_WARN_UNINITIALIZED_AUTOS = YES_AGGRESSIVE;
				GCC_WARN_UNUSED_FUNCTION = YES;
				GCC_WARN_UNUSED_VARIABLE = YES;
				LOCALIZATION_PREFERS_STRING_CATALOGS = YES;
				MTL_ENABLE_DEBUG_INFO = INCLUDE_SOURCE;
				MTL_FAST_MATH = YES;
				ONLY_ACTIVE_ARCH = YES;
				SWIFT_ACTIVE_COMPILATION_CONDITIONS = "DEBUG $(inherited)";
				SWIFT_OPTIMIZATION_LEVEL = "-Onone";
			};
			name = Debug;
		};
		CD8E8ED42BB0BC180078F03F /* Release */ = {
			isa = XCBuildConfiguration;
			buildSettings = {
				ALWAYS_SEARCH_USER_PATHS = NO;
				ASSETCATALOG_COMPILER_GENERATE_SWIFT_ASSET_SYMBOL_EXTENSIONS = YES;
				CLANG_ANALYZER_NONNULL = YES;
				CLANG_ANALYZER_NUMBER_OBJECT_CONVERSION = YES_AGGRESSIVE;
				CLANG_CXX_LANGUAGE_STANDARD = "gnu++20";
				CLANG_ENABLE_MODULES = YES;
				CLANG_ENABLE_OBJC_ARC = YES;
				CLANG_ENABLE_OBJC_WEAK = YES;
				CLANG_WARN_BLOCK_CAPTURE_AUTORELEASING = YES;
				CLANG_WARN_BOOL_CONVERSION = YES;
				CLANG_WARN_COMMA = YES;
				CLANG_WARN_CONSTANT_CONVERSION = YES;
				CLANG_WARN_DEPRECATED_OBJC_IMPLEMENTATIONS = YES;
				CLANG_WARN_DIRECT_OBJC_ISA_USAGE = YES_ERROR;
				CLANG_WARN_DOCUMENTATION_COMMENTS = YES;
				CLANG_WARN_EMPTY_BODY = YES;
				CLANG_WARN_ENUM_CONVERSION = YES;
				CLANG_WARN_INFINITE_RECURSION = YES;
				CLANG_WARN_INT_CONVERSION = YES;
				CLANG_WARN_NON_LITERAL_NULL_CONVERSION = YES;
				CLANG_WARN_OBJC_IMPLICIT_RETAIN_SELF = YES;
				CLANG_WARN_OBJC_LITERAL_CONVERSION = YES;
				CLANG_WARN_OBJC_ROOT_CLASS = YES_ERROR;
				CLANG_WARN_QUOTED_INCLUDE_IN_FRAMEWORK_HEADER = YES;
				CLANG_WARN_RANGE_LOOP_ANALYSIS = YES;
				CLANG_WARN_STRICT_PROTOTYPES = YES;
				CLANG_WARN_SUSPICIOUS_MOVE = YES;
				CLANG_WARN_UNGUARDED_AVAILABILITY = YES_AGGRESSIVE;
				CLANG_WARN_UNREACHABLE_CODE = YES;
				CLANG_WARN__DUPLICATE_METHOD_MATCH = YES;
				COPY_PHASE_STRIP = NO;
				DEBUG_INFORMATION_FORMAT = "dwarf-with-dsym";
				ENABLE_NS_ASSERTIONS = NO;
				ENABLE_STRICT_OBJC_MSGSEND = YES;
				ENABLE_USER_SCRIPT_SANDBOXING = YES;
				GCC_C_LANGUAGE_STANDARD = gnu17;
				GCC_NO_COMMON_BLOCKS = YES;
				GCC_WARN_64_TO_32_BIT_CONVERSION = YES;
				GCC_WARN_ABOUT_RETURN_TYPE = YES_ERROR;
				GCC_WARN_UNDECLARED_SELECTOR = YES;
				GCC_WARN_UNINITIALIZED_AUTOS = YES_AGGRESSIVE;
				GCC_WARN_UNUSED_FUNCTION = YES;
				GCC_WARN_UNUSED_VARIABLE = YES;
				LOCALIZATION_PREFERS_STRING_CATALOGS = YES;
				MTL_ENABLE_DEBUG_INFO = NO;
				MTL_FAST_MATH = YES;
				SWIFT_COMPILATION_MODE = wholemodule;
			};
			name = Release;
		};
		CD8E8ED62BB0BC180078F03F /* Debug */ = {
			isa = XCBuildConfiguration;
			buildSettings = {
				ASSETCATALOG_COMPILER_APPICON_NAME = AppIcon;
				ASSETCATALOG_COMPILER_GLOBAL_ACCENT_COLOR_NAME = AccentColor;
				CODE_SIGN_ENTITLEMENTS = Watery/Watery.entitlements;
				CODE_SIGN_STYLE = Automatic;
				CURRENT_PROJECT_VERSION = 1;
				DEVELOPMENT_ASSET_PATHS = "\"Watery/Preview Content\"";
				DEVELOPMENT_TEAM = ZNYN7P8BT5;
				ENABLE_HARDENED_RUNTIME = YES;
				ENABLE_PREVIEWS = YES;
				GENERATE_INFOPLIST_FILE = YES;
				"INFOPLIST_KEY_UIApplicationSceneManifest_Generation[sdk=iphoneos*]" = YES;
				"INFOPLIST_KEY_UIApplicationSceneManifest_Generation[sdk=iphonesimulator*]" = YES;
				"INFOPLIST_KEY_UIApplicationSupportsIndirectInputEvents[sdk=iphoneos*]" = YES;
				"INFOPLIST_KEY_UIApplicationSupportsIndirectInputEvents[sdk=iphonesimulator*]" = YES;
				"INFOPLIST_KEY_UILaunchScreen_Generation[sdk=iphoneos*]" = YES;
				"INFOPLIST_KEY_UILaunchScreen_Generation[sdk=iphonesimulator*]" = YES;
				"INFOPLIST_KEY_UIStatusBarStyle[sdk=iphoneos*]" = UIStatusBarStyleDefault;
				"INFOPLIST_KEY_UIStatusBarStyle[sdk=iphonesimulator*]" = UIStatusBarStyleDefault;
				INFOPLIST_KEY_UISupportedInterfaceOrientations = UIInterfaceOrientationPortrait;
				INFOPLIST_KEY_UISupportedInterfaceOrientations_iPad = "UIInterfaceOrientationLandscapeLeft UIInterfaceOrientationLandscapeRight UIInterfaceOrientationPortrait UIInterfaceOrientationPortraitUpsideDown";
				IPHONEOS_DEPLOYMENT_TARGET = 17.2;
				LD_RUNPATH_SEARCH_PATHS = "@executable_path/Frameworks";
				"LD_RUNPATH_SEARCH_PATHS[sdk=macosx*]" = "@executable_path/../Frameworks";
				MACOSX_DEPLOYMENT_TARGET = 14.2;
				MARKETING_VERSION = 1.0;
				PRODUCT_BUNDLE_IDENTIFIER = co.somethingdope.Watery;
				PRODUCT_NAME = "$(TARGET_NAME)";
				SDKROOT = auto;
				SUPPORTED_PLATFORMS = "iphoneos iphonesimulator";
				SUPPORTS_MACCATALYST = NO;
				SWIFT_EMIT_LOC_STRINGS = YES;
				SWIFT_VERSION = 5.0;
				TARGETED_DEVICE_FAMILY = 1;
			};
			name = Debug;
		};
		CD8E8ED72BB0BC180078F03F /* Release */ = {
			isa = XCBuildConfiguration;
			buildSettings = {
				ASSETCATALOG_COMPILER_APPICON_NAME = AppIcon;
				ASSETCATALOG_COMPILER_GLOBAL_ACCENT_COLOR_NAME = AccentColor;
				CODE_SIGN_ENTITLEMENTS = Watery/Watery.entitlements;
				CODE_SIGN_STYLE = Automatic;
				CURRENT_PROJECT_VERSION = 1;
				DEVELOPMENT_ASSET_PATHS = "\"Watery/Preview Content\"";
				DEVELOPMENT_TEAM = ZNYN7P8BT5;
				ENABLE_HARDENED_RUNTIME = YES;
				ENABLE_PREVIEWS = YES;
				GENERATE_INFOPLIST_FILE = YES;
				"INFOPLIST_KEY_UIApplicationSceneManifest_Generation[sdk=iphoneos*]" = YES;
				"INFOPLIST_KEY_UIApplicationSceneManifest_Generation[sdk=iphonesimulator*]" = YES;
				"INFOPLIST_KEY_UIApplicationSupportsIndirectInputEvents[sdk=iphoneos*]" = YES;
				"INFOPLIST_KEY_UIApplicationSupportsIndirectInputEvents[sdk=iphonesimulator*]" = YES;
				"INFOPLIST_KEY_UILaunchScreen_Generation[sdk=iphoneos*]" = YES;
				"INFOPLIST_KEY_UILaunchScreen_Generation[sdk=iphonesimulator*]" = YES;
				"INFOPLIST_KEY_UIStatusBarStyle[sdk=iphoneos*]" = UIStatusBarStyleDefault;
				"INFOPLIST_KEY_UIStatusBarStyle[sdk=iphonesimulator*]" = UIStatusBarStyleDefault;
				INFOPLIST_KEY_UISupportedInterfaceOrientations = UIInterfaceOrientationPortrait;
				INFOPLIST_KEY_UISupportedInterfaceOrientations_iPad = "UIInterfaceOrientationLandscapeLeft UIInterfaceOrientationLandscapeRight UIInterfaceOrientationPortrait UIInterfaceOrientationPortraitUpsideDown";
				IPHONEOS_DEPLOYMENT_TARGET = 17.2;
				LD_RUNPATH_SEARCH_PATHS = "@executable_path/Frameworks";
				"LD_RUNPATH_SEARCH_PATHS[sdk=macosx*]" = "@executable_path/../Frameworks";
				MACOSX_DEPLOYMENT_TARGET = 14.2;
				MARKETING_VERSION = 1.0;
				PRODUCT_BUNDLE_IDENTIFIER = co.somethingdope.Watery;
				PRODUCT_NAME = "$(TARGET_NAME)";
				SDKROOT = auto;
				SUPPORTED_PLATFORMS = "iphoneos iphonesimulator";
				SUPPORTS_MACCATALYST = NO;
				SWIFT_EMIT_LOC_STRINGS = YES;
				SWIFT_VERSION = 5.0;
				TARGETED_DEVICE_FAMILY = 1;
			};
			name = Release;
		};
		CD8E8ED92BB0BC180078F03F /* Debug */ = {
			isa = XCBuildConfiguration;
			buildSettings = {
				ALWAYS_EMBED_SWIFT_STANDARD_LIBRARIES = YES;
				BUNDLE_LOADER = "$(TEST_HOST)";
				CODE_SIGN_STYLE = Automatic;
				CURRENT_PROJECT_VERSION = 1;
				DEVELOPMENT_TEAM = ZNYN7P8BT5;
				GENERATE_INFOPLIST_FILE = YES;
				IPHONEOS_DEPLOYMENT_TARGET = 17.2;
				MACOSX_DEPLOYMENT_TARGET = 14.2;
				MARKETING_VERSION = 1.0;
				PRODUCT_BUNDLE_IDENTIFIER = co.somethingdope.WateryTests;
				PRODUCT_NAME = "$(TARGET_NAME)";
				SDKROOT = auto;
				SUPPORTED_PLATFORMS = "iphoneos iphonesimulator macosx";
				SWIFT_EMIT_LOC_STRINGS = NO;
				SWIFT_VERSION = 5.0;
				TARGETED_DEVICE_FAMILY = "1,2";
				TEST_HOST = "$(BUILT_PRODUCTS_DIR)/Watery.app/$(BUNDLE_EXECUTABLE_FOLDER_PATH)/Watery";
			};
			name = Debug;
		};
		CD8E8EDA2BB0BC180078F03F /* Release */ = {
			isa = XCBuildConfiguration;
			buildSettings = {
				ALWAYS_EMBED_SWIFT_STANDARD_LIBRARIES = YES;
				BUNDLE_LOADER = "$(TEST_HOST)";
				CODE_SIGN_STYLE = Automatic;
				CURRENT_PROJECT_VERSION = 1;
				DEVELOPMENT_TEAM = ZNYN7P8BT5;
				GENERATE_INFOPLIST_FILE = YES;
				IPHONEOS_DEPLOYMENT_TARGET = 17.2;
				MACOSX_DEPLOYMENT_TARGET = 14.2;
				MARKETING_VERSION = 1.0;
				PRODUCT_BUNDLE_IDENTIFIER = co.somethingdope.WateryTests;
				PRODUCT_NAME = "$(TARGET_NAME)";
				SDKROOT = auto;
				SUPPORTED_PLATFORMS = "iphoneos iphonesimulator macosx";
				SWIFT_EMIT_LOC_STRINGS = NO;
				SWIFT_VERSION = 5.0;
				TARGETED_DEVICE_FAMILY = "1,2";
				TEST_HOST = "$(BUILT_PRODUCTS_DIR)/Watery.app/$(BUNDLE_EXECUTABLE_FOLDER_PATH)/Watery";
			};
			name = Release;
		};
		CD8E8EDC2BB0BC180078F03F /* Debug */ = {
			isa = XCBuildConfiguration;
			buildSettings = {
				ALWAYS_EMBED_SWIFT_STANDARD_LIBRARIES = YES;
				CODE_SIGN_STYLE = Automatic;
				CURRENT_PROJECT_VERSION = 1;
				DEVELOPMENT_TEAM = ZNYN7P8BT5;
				GENERATE_INFOPLIST_FILE = YES;
				IPHONEOS_DEPLOYMENT_TARGET = 17.2;
				MACOSX_DEPLOYMENT_TARGET = 14.2;
				MARKETING_VERSION = 1.0;
				PRODUCT_BUNDLE_IDENTIFIER = co.somethingdope.WateryUITests;
				PRODUCT_NAME = "$(TARGET_NAME)";
				SDKROOT = auto;
				SUPPORTED_PLATFORMS = "iphoneos iphonesimulator macosx";
				SWIFT_EMIT_LOC_STRINGS = NO;
				SWIFT_VERSION = 5.0;
				TARGETED_DEVICE_FAMILY = "1,2";
				TEST_TARGET_NAME = Watery;
			};
			name = Debug;
		};
		CD8E8EDD2BB0BC180078F03F /* Release */ = {
			isa = XCBuildConfiguration;
			buildSettings = {
				ALWAYS_EMBED_SWIFT_STANDARD_LIBRARIES = YES;
				CODE_SIGN_STYLE = Automatic;
				CURRENT_PROJECT_VERSION = 1;
				DEVELOPMENT_TEAM = ZNYN7P8BT5;
				GENERATE_INFOPLIST_FILE = YES;
				IPHONEOS_DEPLOYMENT_TARGET = 17.2;
				MACOSX_DEPLOYMENT_TARGET = 14.2;
				MARKETING_VERSION = 1.0;
				PRODUCT_BUNDLE_IDENTIFIER = co.somethingdope.WateryUITests;
				PRODUCT_NAME = "$(TARGET_NAME)";
				SDKROOT = auto;
				SUPPORTED_PLATFORMS = "iphoneos iphonesimulator macosx";
				SWIFT_EMIT_LOC_STRINGS = NO;
				SWIFT_VERSION = 5.0;
				TARGETED_DEVICE_FAMILY = "1,2";
				TEST_TARGET_NAME = Watery;
			};
			name = Release;
		};
/* End XCBuildConfiguration section */

/* Begin XCConfigurationList section */
		CD8E8EAB2BB0BC170078F03F /* Build configuration list for PBXProject "Watery" */ = {
			isa = XCConfigurationList;
			buildConfigurations = (
				CD8E8ED32BB0BC180078F03F /* Debug */,
				CD8E8ED42BB0BC180078F03F /* Release */,
			);
			defaultConfigurationIsVisible = 0;
			defaultConfigurationName = Release;
		};
		CD8E8ED52BB0BC180078F03F /* Build configuration list for PBXNativeTarget "Watery" */ = {
			isa = XCConfigurationList;
			buildConfigurations = (
				CD8E8ED62BB0BC180078F03F /* Debug */,
				CD8E8ED72BB0BC180078F03F /* Release */,
			);
			defaultConfigurationIsVisible = 0;
			defaultConfigurationName = Release;
		};
		CD8E8ED82BB0BC180078F03F /* Build configuration list for PBXNativeTarget "WateryTests" */ = {
			isa = XCConfigurationList;
			buildConfigurations = (
				CD8E8ED92BB0BC180078F03F /* Debug */,
				CD8E8EDA2BB0BC180078F03F /* Release */,
			);
			defaultConfigurationIsVisible = 0;
			defaultConfigurationName = Release;
		};
		CD8E8EDB2BB0BC180078F03F /* Build configuration list for PBXNativeTarget "WateryUITests" */ = {
			isa = XCConfigurationList;
			buildConfigurations = (
				CD8E8EDC2BB0BC180078F03F /* Debug */,
				CD8E8EDD2BB0BC180078F03F /* Release */,
			);
			defaultConfigurationIsVisible = 0;
			defaultConfigurationName = Release;
		};
/* End XCConfigurationList section */
	};
	rootObject = CD8E8EA82BB0BC170078F03F /* Project object */;
}
